
Microsoft Visual Studio Solution File, Format Version 12.00
# Visual Studio Version 17
VisualStudioVersion = 17.8.34330.188
MinimumVisualStudioVersion = 10.0.40219.1
Project("{FAE04EC0-301F-11D3-BF4B-00C04F79EFBC}") = "INTS_Shift_Calculator", "INTS_Shift_Calculator.csproj", "{3A11ECDC-9B25-480F-92E0-51F6D56B3679}"
EndProject
Global
	GlobalSection(SolutionConfigurationPlatforms) = preSolution
		Debug|Any CPU = Debug|Any CPU
		Release|Any CPU = Release|Any CPU
	EndGlobalSection
	GlobalSection(ProjectConfigurationPlatforms) = postSolution
		{3A11ECDC-9B25-480F-92E0-51F6D56B3679}.Debug|Any CPU.ActiveCfg = Debug|Any CPU
		{3A11ECDC-9B25-480F-92E0-51F6D56B3679}.Debug|Any CPU.Build.0 = Debug|Any CPU
		{3A11ECDC-9B25-480F-92E0-51F6D56B3679}.Release|Any CPU.ActiveCfg = Release|Any CPU
		{3A11ECDC-9B25-480F-92E0-51F6D56B3679}.Release|Any CPU.Build.0 = Release|Any CPU
	EndGlobalSection
	GlobalSection(SolutionProperties) = preSolution
		HideSolutionNode = FALSE
	EndGlobalSection
	GlobalSection(ExtensibilityGlobals) = postSolution
		SolutionGuid = {1C6918A3-6865-41F1-AD61-4D0CDDF4634B}
	EndGlobalSection
EndGlobal
